# This file is automatically @generated by Poetry 1.8.1 and should not be changed by hand.

[[package]]
name = "pysmile"
version = "2.2.0"
description = "BayesFusion's SMILE wrapper"
optional = false
python-versions = "==3.10.*"
files = [
    {file = "pysmile-2.2.0-cp310-cp310-linux_x86_64.whl", hash = "sha256:8ef8dc585051ef9775f8ab8108f85f279852177902832b7fe7a118788a00011d"},
    {file = "pysmile-2.2.0-cp310-cp310-macosx_10_9_universal2.whl", hash = "sha256:bf6fb704eca14866a8942ee5984cf16336a7a8922fedf298492a907a13fefff3"},
    {file = "pysmile-2.2.0-cp310-cp310-win32.whl", hash = "sha256:2de362ef61e0cfa838e535b62699bc4828c49135bbca837e2f6d9df68b2968c8"},
    {file = "pysmile-2.2.0-cp310-cp310-win_amd64.whl", hash = "sha256:4df7da239c355b5bad4a6e0400b85e304ac93a6bb81fbccfcc3ae5c575be98ac"},
    {file = "pysmile-2.2.0-cp311-cp311-linux_x86_64.whl", hash = "sha256:5cc16ad5da954ebd563906f524a5aaff1f7a0025d90bfa68b901e3115dec0049"},
    {file = "pysmile-2.2.0-cp311-cp311-macosx_10_9_universal2.whl", hash = "sha256:31c46be4663950f5893e2a8e3cbe9c3e2fa97a905aaa96fca086137f7958b0d9"},
    {file = "pysmile-2.2.0-cp311-cp311-win32.whl", hash = "sha256:a49f58545e0ac63810ee236181455f30dab60a7da5941f4836e679f35af14d02"},
    {file = "pysmile-2.2.0-cp311-cp311-win_amd64.whl", hash = "sha256:65589c1840cdfd3a5431bcfc285812ba261d5a03634538ce4b8df30117233b07"},
    {file = "pysmile-2.2.0-cp312-cp312-linux_x86_64.whl", hash = "sha256:17320164db05075aa4a0b65e3fc4d9349018b97891e5964574c85afa3c05a833"},
    {file = "pysmile-2.2.0-cp312-cp312-macosx_10_9_universal2.whl", hash = "sha256:7e45feee93f5ada95f7c1a876b6c75b11734682e23238dd2476fe338e845eef3"},
    {file = "pysmile-2.2.0-cp312-cp312-win32.whl", hash = "sha256:2ffccd0f32362770069b83cd79d14807561af27e5c31e02c2f9a159f653e01fe"},
    {file = "pysmile-2.2.0-cp312-cp312-win_amd64.whl", hash = "sha256:9a517e084062a04f55ce782c8a32fe0db9191ecd01f957091d570b6f69d91c2a"},
    {file = "pysmile-2.2.0-cp38-cp38-linux_x86_64.whl", hash = "sha256:69d88e46c9fbe643e88246a213a1c128fdf1b739a9ad753e8e06f098c1dac32d"},
    {file = "pysmile-2.2.0-cp38-cp38-macosx_11_0_universal2.whl", hash = "sha256:d5cc0a0c64e457d853d86c5b09e9231ea61881cc385e207b70b315bd83c4c346"},
    {file = "pysmile-2.2.0-cp38-cp38-win32.whl", hash = "sha256:d4ab45c498d97268ab5f9ace1f193249b77d935c9b2151dd1ddb9387d0590ecf"},
    {file = "pysmile-2.2.0-cp38-cp38-win_amd64.whl", hash = "sha256:15a1c1fbe70a81cd0145ec9ce60e4aad69e254278820afc9904a9e7163d2d270"},
    {file = "pysmile-2.2.0-cp39-cp39-linux_x86_64.whl", hash = "sha256:196f1cbcdfdbbd1227cbec426fefa9341568a701e6aa06b035ef1c2356bdabe6"},
    {file = "pysmile-2.2.0-cp39-cp39-macosx_10_9_universal2.whl", hash = "sha256:b6f16221555f45f59686641d6278349d7268e5359ba76c3efee3813b00e80555"},
    {file = "pysmile-2.2.0-cp39-cp39-win32.whl", hash = "sha256:abf935b39fdda5ee05beea89167ea12d5eb0c45bf9f4182bb12aac315ec5bf94"},
    {file = "pysmile-2.2.0-cp39-cp39-win_amd64.whl", hash = "sha256:fc8e928ce35890569dc31cfd79de8b08a3ed7e2be2fb9df2fea83a8aff231e40"},
]

[package.source]
type = "legacy"
url = "https://support.bayesfusion.com/pysmile-A"
reference = "pysmile"

[metadata]
lock-version = "2.0"
python-versions = "3.10.*"
content-hash = "b4b6ef76b38c70340c6f827f5459580bbc9d6c7c8f970fa63ef7baad17bb8aa1"
